version = 1
revision = 2
requires-python = ">=3.13"

[[package]]
name = "boto3"
version = "1.42.84"
source = { registry = "https://pypi.org/simple" }
dependencies = [
    { name = "botocore" },
    { name = "jmespath" },
    { name = "s3transfer" },
]
sdist = { url = "https://files.pythonhosted.org/packages/88/89/2d647bd717da55a8cc68602b197f53a5fa36fb95a2f9e76c4aff11a9cfd1/boto3-1.42.84.tar.gz", hash = "sha256:6a84b3293a5d8b3adf827a54588e7dcffcf0a85410d7dadca615544f97d27579", size = 112816, upload_time = "2026-04-06T19:39:07.585Z" }
wheels = [
    { url = "https://files.pythonhosted.org/packages/2d/31/cdf4326841613d1d181a77b3038a988800fb3373ca50de1639fba9fa87de/boto3-1.42.84-py3-none-any.whl", hash = "sha256:4d03ad3211832484037337292586f71f48707141288d9ac23049c04204f4ab03", size = 140555, upload_time = "2026-04-06T19:39:06.009Z" },
]

[[package]]
name = "botocore"
version = "1.42.84"
source = { registry = "https://pypi.org/simple" }
dependencies = [
    { name = "jmespath" },
    { name = "python-dateutil" },
    { name = "urllib3" },
]
sdist = { url = "https://files.pythonhosted.org/packages/b4/b7/1c03423843fb0d1795b686511c00ee63fed1234c2400f469aeedfd42212f/botocore-1.42.84.tar.gz", hash = "sha256:234064604c80d9272a5e9f6b3566d260bcaa053a5e05246db90d7eca1c2cf44b", size = 15148615, upload_time = "2026-04-06T19:38:56.673Z" }
wheels = [
    { url = "https://files.pythonhosted.org/packages/e3/37/0c0c90361c8a1b9e6c75222ca24ae12996a298c0e18822a72ab229c37207/botocore-1.42.84-py3-none-any.whl", hash = "sha256:15f3fe07dfa6545e46a60c4b049fe2bdf63803c595ae4a4eec90e8f8172764f3", size = 14827061, upload_time = "2026-04-06T19:38:53.613Z" },
]

[[package]]
name = "jmespath"
version = "1.1.0"
source = { registry = "https://pypi.org/simple" }
sdist = { url = "https://files.pythonhosted.org/packages/d3/59/322338183ecda247fb5d1763a6cbe46eff7222eaeebafd9fa65d4bf5cb11/jmespath-1.1.0.tar.gz", hash = "sha256:472c87d80f36026ae83c6ddd0f1d05d4e510134ed462851fd5f754c8c3cbb88d", size = 27377, upload_time = "2026-01-22T16:35:26.279Z" }
wheels = [
    { url = "https://files.pythonhosted.org/packages/14/2f/967ba146e6d58cf6a652da73885f52fc68001525b4197effc174321d70b4/jmespath-1.1.0-py3-none-any.whl", hash = "sha256:a5663118de4908c91729bea0acadca56526eb2698e83de10cd116ae0f4e97c64", size = 20419, upload_time = "2026-01-22T16:35:24.919Z" },
]

[[package]]
name = "joao-vilas"
version = "0.1.0"
source = { virtual = "." }
dependencies = [
    { name = "boto3" },
    { name = "pymysql" },
]

[package.metadata]
requires-dist = [
    { name = "boto3", specifier = ">=1.42.84" },
    { name = "pymysql", specifier = ">=1.1.2" },
]

[[package]]
name = "pymysql"
version = "1.1.2"
source = { registry = "https://pypi.org/simple" }
sdist = { url = "https://files.pythonhosted.org/packages/f5/ae/1fe3fcd9f959efa0ebe200b8de88b5a5ce3e767e38c7ac32fb179f16a388/pymysql-1.1.2.tar.gz", hash = "sha256:4961d3e165614ae65014e361811a724e2044ad3ea3739de9903ae7c21f539f03", size = 48258, upload_time = "2025-08-24T12:55:55.146Z" }
wheels = [
    { url = "https://files.pythonhosted.org/packages/7c/4c/ad33b92b9864cbde84f259d5df035a6447f91891f5be77788e2a3892bce3/pymysql-1.1.2-py3-none-any.whl", hash = "sha256:e6b1d89711dd51f8f74b1631fe08f039e7d76cf67a42a323d3178f0f25762ed9", size = 45300, upload_time = "2025-08-24T12:55:53.394Z" },
]

[[package]]
name = "python-dateutil"
version = "2.9.0.post0"
source = { registry = "https://pypi.org/simple" }
dependencies = [
    { name = "six" },
]
sdist = { url = "https://files.pythonhosted.org/packages/66/c0/0c8b6ad9f17a802ee498c46e004a0eb49bc148f2fd230864601a86dcf6db/python-dateutil-2.9.0.post0.tar.gz", hash = "sha256:37dd54208da7e1cd875388217d5e00ebd4179249f90fb72437e91a35459a0ad3", size = 342432, upload_time = "2024-03-01T18:36:20.211Z" }
wheels = [
    { url = "https://files.pythonhosted.org/packages/ec/57/56b9bcc3c9c6a792fcbaf139543cee77261f3651ca9da0c93f5c1221264b/python_dateutil-2.9.0.post0-py2.py3-none-any.whl", hash = "sha256:a8b2bc7bffae282281c8140a97d3aa9c14da0b136dfe83f850eea9a5f7470427", size = 229892, upload_time = "2024-03-01T18:36:18.57Z" },
]

[[package]]
name = "s3transfer"
version = "0.16.0"
source = { registry = "https://pypi.org/simple" }
dependencies = [
    { name = "botocore" },
]
sdist = { url = "https://files.pythonhosted.org/packages/05/04/74127fc843314818edfa81b5540e26dd537353b123a4edc563109d8f17dd/s3transfer-0.16.0.tar.gz", hash = "sha256:8e990f13268025792229cd52fa10cb7163744bf56e719e0b9cb925ab79abf920", size = 153827, upload_time = "2025-12-01T02:30:59.114Z" }
wheels = [
    { url = "https://files.pythonhosted.org/packages/fc/51/727abb13f44c1fcf6d145979e1535a35794db0f6e450a0cb46aa24732fe2/s3transfer-0.16.0-py3-none-any.whl", hash = "sha256:18e25d66fed509e3868dc1572b3f427ff947dd2c56f844a5bf09481ad3f3b2fe", size = 86830, upload_time = "2025-12-01T02:30:57.729Z" },
]

[[package]]
name = "six"
version = "1.17.0"
source = { registry = "https://pypi.org/simple" }
sdist = { url = "https://files.pythonhosted.org/packages/94/e7/b2c673351809dca68a0e064b6af791aa332cf192da575fd474ed7d6f16a2/six-1.17.0.tar.gz", hash = "sha256:ff70335d468e7eb6ec65b95b99d3a2836546063f63acc5171de367e834932a81", size = 34031, upload_time = "2024-12-04T17:35:28.174Z" }
wheels = [
    { url = "https://files.pythonhosted.org/packages/b7/ce/149a00dd41f10bc29e5921b496af8b574d8413afcd5e30dfa0ed46c2cc5e/six-1.17.0-py2.py3-none-any.whl", hash = "sha256:4721f391ed90541fddacab5acf947aa0d3dc7d27b2e1e8eda2be8970586c3274", size = 11050, upload_time = "2024-12-04T17:35:26.475Z" },
]

[[package]]
name = "urllib3"
version = "2.6.3"
source = { registry = "https://pypi.org/simple" }
sdist = { url = "https://files.pythonhosted.org/packages/c7/24/5f1b3bdffd70275f6661c76461e25f024d5a38a46f04aaca912426a2b1d3/urllib3-2.6.3.tar.gz", hash = "sha256:1b62b6884944a57dbe321509ab94fd4d3b307075e0c2eae991ac71ee15ad38ed", size = 435556, upload_time = "2026-01-07T16:24:43.925Z" }
wheels = [
    { url = "https://files.pythonhosted.org/packages/39/08/aaaad47bc4e9dc8c725e68f9d04865dbcb2052843ff09c97b08904852d84/urllib3-2.6.3-py3-none-any.whl", hash = "sha256:bf272323e553dfb2e87d9bfd225ca7b0f467b919d7bbd355436d3fd37cb0acd4", size = 131584, upload_time = "2026-01-07T16:24:42.685Z" },
]
