{
  "version": 4,
  "terraform_version": "1.15.1",
  "serial": 23,
  "lineage": "fcccf09d-17e1-c6cf-f757-7c383126003f",
  "outputs": {
    "glue_connection_name": {
      "value": "classicmodels-etl-g4-mysql-conn",
      "type": "string"
    },
    "glue_job_name": {
      "value": "classicmodels-etl-g4-job",
      "type": "string"
    },
    "glue_role_arn_in_use": {
      "value": "arn:aws:iam::590183650282:role/LabRole",
      "type": "string"
    },
    "s3_bucket_name": {
      "value": "classicmodels-etl-g4-590183650282",
      "type": "string"
    }
  },
  "resources": [
    {
      "mode": "data",
      "type": "aws_caller_identity",
      "name": "current",
      "provider": "provider[\"registry.terraform.io/hashicorp/aws\"]",
      "instances": [
        {
          "schema_version": 0,
          "attributes": {
            "account_id": "590183650282",
            "arn": "arn:aws:sts::590183650282:assumed-role/voclabs/user3261989=Larissa_Lemos_Afonso",
            "id": "590183650282",
            "user_id": "AROAYS2NP2PVAXOWQK7BS:user3261989=Larissa_Lemos_Afonso"
          },
          "sensitive_attributes": [],
          "identity_schema_version": 0
        }
      ]
    },
    {
      "mode": "data",
      "type": "aws_iam_role",
      "name": "glue",
      "provider": "provider[\"registry.terraform.io/hashicorp/aws\"]",
      "instances": [
        {
          "schema_version": 0,
          "attributes": {
            "arn": "arn:aws:iam::590183650282:role/LabRole",
            "assume_role_policy": "{\"Version\":\"2012-10-17\",\"Statement\":[{\"Effect\":\"Allow\",\"Principal\":{\"Service\":[\"ssm.amazonaws.com\",\"athena.amazonaws.com\",\"elasticbeanstalk.amazonaws.com\",\"cloudformation.amazonaws.com\",\"redshift.amazonaws.com\",\"ecs.amazonaws.com\",\"elasticmapreduce.amazonaws.com\",\"sqs.amazonaws.com\",\"codedeploy.amazonaws.com\",\"ec2.application-autoscaling.amazonaws.com\",\"apigateway.amazonaws.com\",\"logs.amazonaws.com\",\"firehose.amazonaws.com\",\"cognito-idp.amazonaws.com\",\"eks.amazonaws.com\",\"deepracer.amazonaws.com\",\"s3.amazonaws.com\",\"cloudtrail.amazonaws.com\",\"glue.amazonaws.com\",\"secretsmanager.amazonaws.com\",\"kinesis.amazonaws.com\",\"iotanalytics.amazonaws.com\",\"kinesisanalytics.amazonaws.com\",\"kms.amazonaws.com\",\"databrew.amazonaws.com\",\"eks-fargate-pods.amazonaws.com\",\"sagemaker.amazonaws.com\",\"dynamodb.amazonaws.com\",\"sns.amazonaws.com\",\"lambda.amazonaws.com\",\"application-autoscaling.amazonaws.com\",\"iotevents.amazonaws.com\",\"elasticloadbalancing.amazonaws.com\",\"elasticfilesystem.amazonaws.com\",\"codecommit.amazonaws.com\",\"rekognition.amazonaws.com\",\"events.amazonaws.com\",\"credentials.iot.amazonaws.com\",\"cloud9.amazonaws.com\",\"forecast.amazonaws.com\",\"states.amazonaws.com\",\"ec2.amazonaws.com\",\"rds.amazonaws.com\",\"servicecatalog.amazonaws.com\",\"resource-groups.amazonaws.com\",\"iot.amazonaws.com\",\"codewhisperer.amazonaws.com\",\"ecs-tasks.amazonaws.com\",\"batch.amazonaws.com\",\"scheduler.amazonaws.com\",\"pipes.amazonaws.com\",\"backup.amazonaws.com\",\"autoscaling.amazonaws.com\"],\"AWS\":\"arn:aws:iam::590183650282:role/LabRole\"},\"Action\":\"sts:AssumeRole\"}]}",
            "create_date": "2026-03-31T14:30:39Z",
            "description": "",
            "id": "LabRole",
            "max_session_duration": 3600,
            "name": "LabRole",
            "path": "/",
            "permissions_boundary": "",
            "role_last_used": [
              {
                "last_used_date": "2026-05-04T12:36:09Z",
                "region": "us-east-1"
              }
            ],
            "tags": {
              "cloudlab": "c208215a5292191l14479987t1w590183650282"
            },
            "unique_id": "AROAYS2NP2PVKUZGQ5QM3"
          },
          "sensitive_attributes": [],
          "identity_schema_version": 0
        }
      ]
    },
    {
      "mode": "data",
      "type": "aws_route_table",
      "name": "main",
      "provider": "provider[\"registry.terraform.io/hashicorp/aws\"]",
      "instances": [
        {
          "schema_version": 0,
          "attributes": {
            "arn": "arn:aws:ec2:us-east-1:590183650282:route-table/rtb-07a35be54ff80e27a",
            "associations": [
              {
                "gateway_id": "",
                "main": true,
                "route_table_association_id": "rtbassoc-0b1b17041263a5c52",
                "route_table_id": "rtb-07a35be54ff80e27a",
                "subnet_id": ""
              }
            ],
            "filter": null,
            "gateway_id": null,
            "id": "rtb-07a35be54ff80e27a",
            "owner_id": "590183650282",
            "region": "us-east-1",
            "route_table_id": "rtb-07a35be54ff80e27a",
            "routes": [
              {
                "carrier_gateway_id": "",
                "cidr_block": "0.0.0.0/0",
                "core_network_arn": "",
                "destination_prefix_list_id": "",
                "egress_only_gateway_id": "",
                "gateway_id": "igw-0a748f9b6be054a28",
                "instance_id": "",
                "ipv6_cidr_block": "",
                "local_gateway_id": "",
                "nat_gateway_id": "",
                "network_interface_id": "",
                "transit_gateway_id": "",
                "vpc_endpoint_id": "",
                "vpc_peering_connection_id": ""
              }
            ],
            "subnet_id": null,
            "tags": {},
            "timeouts": null,
            "vpc_id": "vpc-0173df1e1018a44c3"
          },
          "sensitive_attributes": [],
          "identity_schema_version": 0
        }
      ]
    },
    {
      "mode": "data",
      "type": "aws_route_tables",
      "name": "all",
      "provider": "provider[\"registry.terraform.io/hashicorp/aws\"]",
      "instances": [
        {
          "schema_version": 0,
          "attributes": {
            "filter": null,
            "id": "us-east-1",
            "ids": [
              "rtb-07a35be54ff80e27a"
            ],
            "region": "us-east-1",
            "tags": null,
            "timeouts": null,
            "vpc_id": "vpc-0173df1e1018a44c3"
          },
          "sensitive_attributes": [],
          "identity_schema_version": 0
        }
      ]
    },
    {
      "mode": "data",
      "type": "aws_subnet",
      "name": "glue",
      "provider": "provider[\"registry.terraform.io/hashicorp/aws\"]",
      "instances": [
        {
          "schema_version": 0,
          "attributes": {
            "arn": "arn:aws:ec2:us-east-1:590183650282:subnet/subnet-09318c5f00ba3b277",
            "assign_ipv6_address_on_creation": false,
            "availability_zone": "us-east-1b",
            "availability_zone_id": "use1-az6",
            "available_ip_address_count": 4088,
            "cidr_block": "172.31.32.0/20",
            "customer_owned_ipv4_pool": "",
            "default_for_az": true,
            "enable_dns64": false,
            "enable_lni_at_device_index": 0,
            "enable_resource_name_dns_a_record_on_launch": false,
            "enable_resource_name_dns_aaaa_record_on_launch": false,
            "filter": null,
            "id": "subnet-09318c5f00ba3b277",
            "ipv6_cidr_block": "",
            "ipv6_cidr_block_association_id": "",
            "ipv6_native": false,
            "map_customer_owned_ip_on_launch": false,
            "map_public_ip_on_launch": true,
            "outpost_arn": "",
            "owner_id": "590183650282",
            "private_dns_hostname_type_on_launch": "ip-name",
            "region": "us-east-1",
            "state": "available",
            "tags": {},
            "timeouts": null,
            "vpc_id": "vpc-0173df1e1018a44c3"
          },
          "sensitive_attributes": [],
          "identity_schema_version": 0
        }
      ]
    },
    {
      "mode": "managed",
      "type": "aws_glue_connection",
      "name": "mysql",
      "provider": "provider[\"registry.terraform.io/hashicorp/aws\"]",
      "instances": [
        {
          "schema_version": 0,
          "attributes": {
            "arn": "arn:aws:glue:us-east-1:590183650282:connection/classicmodels-etl-g4-mysql-conn",
            "athena_properties": {},
            "catalog_id": "590183650282",
            "connection_properties": {
              "JDBC_CONNECTION_URL": "jdbc:mysql://classicmodels-mysql-g4.cns0qka4oeu3.us-east-1.rds.amazonaws.com:3306/classicmodels",
              "PASSWORD": "Ningen.Shikkaku1",
              "USERNAME": "admin"
            },
            "connection_type": "JDBC",
            "description": "",
            "id": "590183650282:classicmodels-etl-g4-mysql-conn",
            "match_criteria": [],
            "name": "classicmodels-etl-g4-mysql-conn",
            "physical_connection_requirements": [
              {
                "availability_zone": "us-east-1b",
                "security_group_id_list": [
                  "sg-061fe4050669cddf4",
                  "sg-08a22a0943001f6a7"
                ],
                "subnet_id": "subnet-09318c5f00ba3b277"
              }
            ],
            "region": "us-east-1",
            "tags": {
              "Owner": "grupo_4",
              "Project": "classicmodels-etl-g4",
              "Task": "assignment_1_task_2"
            },
            "tags_all": {
              "Owner": "grupo_4",
              "Project": "classicmodels-etl-g4",
              "Task": "assignment_1_task_2"
            }
          },
          "sensitive_attributes": [
            [
              {
                "type": "get_attr",
                "value": "athena_properties"
              }
            ],
            [
              {
                "type": "get_attr",
                "value": "connection_properties"
              }
            ],
            [
              {
                "type": "get_attr",
                "value": "connection_properties"
              },
              {
                "type": "index",
                "value": {
                  "value": "PASSWORD",
                  "type": "string"
                }
              }
            ]
          ],
          "identity_schema_version": 0,
          "private": "bnVsbA==",
          "dependencies": [
            "aws_security_group.glue_connection",
            "data.aws_subnet.glue"
          ]
        }
      ]
    },
    {
      "mode": "managed",
      "type": "aws_glue_job",
      "name": "etl",
      "provider": "provider[\"registry.terraform.io/hashicorp/aws\"]",
      "instances": [
        {
          "schema_version": 0,
          "attributes": {
            "arn": "arn:aws:glue:us-east-1:590183650282:job/classicmodels-etl-g4-job",
            "command": [
              {
                "name": "glueetl",
                "python_version": "3",
                "runtime": "",
                "script_location": "s3://classicmodels-etl-g4-590183650282/glue/scripts/classicmodels_star_etl.py"
              }
            ],
            "connections": [
              "classicmodels-etl-g4-mysql-conn"
            ],
            "default_arguments": {
              "--db_name": "classicmodels",
              "--db_password": "Ningen.Shikkaku1",
              "--db_user": "admin",
              "--enable-continuous-cloudwatch-log": "true",
              "--enable-glue-datacatalog": "false",
              "--enable-metrics": "true",
              "--job-language": "python",
              "--out_prefix": "out",
              "--rds_endpoint": "classicmodels-mysql-g4.cns0qka4oeu3.us-east-1.rds.amazonaws.com",
              "--rds_port": "3306",
              "--s3_bucket": "classicmodels-etl-g4-590183650282"
            },
            "description": "",
            "execution_class": "",
            "execution_property": [
              {
                "max_concurrent_runs": 1
              }
            ],
            "glue_version": "4.0",
            "id": "classicmodels-etl-g4-job",
            "job_mode": "SCRIPT",
            "job_run_queuing_enabled": false,
            "maintenance_window": "",
            "max_capacity": 2,
            "max_retries": 0,
            "name": "classicmodels-etl-g4-job",
            "non_overridable_arguments": {},
            "notification_property": [],
            "number_of_workers": 2,
            "region": "us-east-1",
            "role_arn": "arn:aws:iam::590183650282:role/LabRole",
            "security_configuration": "",
            "source_control_details": [],
            "tags": {
              "Owner": "grupo_4",
              "Project": "classicmodels-etl-g4",
              "Task": "assignment_1_task_2"
            },
            "tags_all": {
              "Owner": "grupo_4",
              "Project": "classicmodels-etl-g4",
              "Task": "assignment_1_task_2"
            },
            "timeout": 2880,
            "worker_type": "G.1X"
          },
          "sensitive_attributes": [
            [
              {
                "type": "get_attr",
                "value": "default_arguments"
              },
              {
                "type": "index",
                "value": {
                  "value": "--db_password",
                  "type": "string"
                }
              }
            ]
          ],
          "identity_schema_version": 0,
          "identity": {
            "account_id": "590183650282",
            "name": "classicmodels-etl-g4-job",
            "region": "us-east-1"
          },
          "private": "bnVsbA==",
          "dependencies": [
            "aws_glue_connection.mysql",
            "aws_s3_bucket.etl",
            "aws_s3_bucket_ownership_controls.etl",
            "aws_s3_bucket_public_access_block.etl",
            "aws_s3_object.glue_script",
            "aws_security_group.glue_connection",
            "data.aws_caller_identity.current",
            "data.aws_iam_role.glue",
            "data.aws_subnet.glue"
          ]
        }
      ]
    },
    {
      "mode": "managed",
      "type": "aws_s3_bucket",
      "name": "etl",
      "provider": "provider[\"registry.terraform.io/hashicorp/aws\"]",
      "instances": [
        {
          "schema_version": 0,
          "attributes": {
            "acceleration_status": "",
            "acl": null,
            "arn": "arn:aws:s3:::classicmodels-etl-g4-590183650282",
            "bucket": "classicmodels-etl-g4-590183650282",
            "bucket_domain_name": "classicmodels-etl-g4-590183650282.s3.amazonaws.com",
            "bucket_namespace": "global",
            "bucket_prefix": "",
            "bucket_region": "us-east-1",
            "bucket_regional_domain_name": "classicmodels-etl-g4-590183650282.s3.us-east-1.amazonaws.com",
            "cors_rule": [],
            "force_destroy": false,
            "grant": [
              {
                "id": "c069a475308931b7ed746e0c1dce5d89f7f1adbf4e5fd04563af33b7883f0ba4",
                "permissions": [
                  "FULL_CONTROL"
                ],
                "type": "CanonicalUser",
                "uri": ""
              }
            ],
            "hosted_zone_id": "Z3AQBSTGFYJSTF",
            "id": "classicmodels-etl-g4-590183650282",
            "lifecycle_rule": [],
            "logging": [],
            "object_lock_configuration": [],
            "object_lock_enabled": false,
            "policy": "",
            "region": "us-east-1",
            "replication_configuration": [],
            "request_payer": "BucketOwner",
            "server_side_encryption_configuration": [
              {
                "rule": [
                  {
                    "apply_server_side_encryption_by_default": [
                      {
                        "kms_master_key_id": "",
                        "sse_algorithm": "AES256"
                      }
                    ],
                    "bucket_key_enabled": false
                  }
                ]
              }
            ],
            "tags": {
              "Owner": "grupo_4",
              "Project": "classicmodels-etl-g4",
              "Task": "assignment_1_task_2"
            },
            "tags_all": {
              "Owner": "grupo_4",
              "Project": "classicmodels-etl-g4",
              "Task": "assignment_1_task_2"
            },
            "timeouts": null,
            "versioning": [
              {
                "enabled": false,
                "mfa_delete": false
              }
            ],
            "website": [],
            "website_domain": null,
            "website_endpoint": null
          },
          "sensitive_attributes": [],
          "identity_schema_version": 0,
          "identity": {
            "account_id": "590183650282",
            "bucket": "classicmodels-etl-g4-590183650282",
            "region": "us-east-1"
          },
          "private": "eyJlMmJmYjczMC1lY2FhLTExZTYtOGY4OC0zNDM2M2JjN2M0YzAiOnsiY3JlYXRlIjoxMjAwMDAwMDAwMDAwLCJkZWxldGUiOjM2MDAwMDAwMDAwMDAsInJlYWQiOjEyMDAwMDAwMDAwMDAsInVwZGF0ZSI6MTIwMDAwMDAwMDAwMH19",
          "dependencies": [
            "data.aws_caller_identity.current"
          ]
        }
      ]
    },
    {
      "mode": "managed",
      "type": "aws_s3_bucket_ownership_controls",
      "name": "etl",
      "provider": "provider[\"registry.terraform.io/hashicorp/aws\"]",
      "instances": [
        {
          "schema_version": 0,
          "attributes": {
            "bucket": "classicmodels-etl-g4-590183650282",
            "id": "classicmodels-etl-g4-590183650282",
            "region": "us-east-1",
            "rule": [
              {
                "object_ownership": "BucketOwnerPreferred"
              }
            ]
          },
          "sensitive_attributes": [],
          "identity_schema_version": 0,
          "identity": {
            "account_id": "590183650282",
            "bucket": "classicmodels-etl-g4-590183650282",
            "region": "us-east-1"
          },
          "private": "bnVsbA==",
          "dependencies": [
            "aws_s3_bucket.etl",
            "data.aws_caller_identity.current"
          ]
        }
      ]
    },
    {
      "mode": "managed",
      "type": "aws_s3_bucket_public_access_block",
      "name": "etl",
      "provider": "provider[\"registry.terraform.io/hashicorp/aws\"]",
      "instances": [
        {
          "schema_version": 0,
          "attributes": {
            "block_public_acls": true,
            "block_public_policy": true,
            "bucket": "classicmodels-etl-g4-590183650282",
            "id": "classicmodels-etl-g4-590183650282",
            "ignore_public_acls": true,
            "region": "us-east-1",
            "restrict_public_buckets": true,
            "skip_destroy": null
          },
          "sensitive_attributes": [],
          "identity_schema_version": 0,
          "identity": {
            "account_id": "590183650282",
            "bucket": "classicmodels-etl-g4-590183650282",
            "region": "us-east-1"
          },
          "private": "bnVsbA==",
          "dependencies": [
            "aws_s3_bucket.etl",
            "data.aws_caller_identity.current"
          ]
        }
      ]
    },
    {
      "mode": "managed",
      "type": "aws_s3_object",
      "name": "glue_script",
      "provider": "provider[\"registry.terraform.io/hashicorp/aws\"]",
      "instances": [
        {
          "schema_version": 0,
          "attributes": {
            "acl": null,
            "arn": "arn:aws:s3:::classicmodels-etl-g4-590183650282/glue/scripts/classicmodels_star_etl.py",
            "bucket": "classicmodels-etl-g4-590183650282",
            "bucket_key_enabled": false,
            "cache_control": "",
            "checksum_algorithm": null,
            "checksum_crc32": "",
            "checksum_crc32c": "",
            "checksum_crc64nvme": "",
            "checksum_sha1": "",
            "checksum_sha256": "",
            "content": null,
            "content_base64": null,
            "content_disposition": "",
            "content_encoding": "",
            "content_language": "",
            "content_type": "text/x-python",
            "etag": "cc92b67245a8e3d922b25eea44fb94ff",
            "force_destroy": false,
            "id": "classicmodels-etl-g4-590183650282/glue/scripts/classicmodels_star_etl.py",
            "key": "glue/scripts/classicmodels_star_etl.py",
            "kms_key_id": null,
            "metadata": {},
            "object_lock_legal_hold_status": "",
            "object_lock_mode": "",
            "object_lock_retain_until_date": "",
            "override_provider": [],
            "region": "us-east-1",
            "server_side_encryption": "AES256",
            "source": "./glue_job_script.py",
            "source_hash": "cc92b67245a8e3d922b25eea44fb94ff",
            "storage_class": "STANDARD",
            "tags": {},
            "tags_all": {},
            "version_id": "",
            "website_redirect": ""
          },
          "sensitive_attributes": [],
          "identity_schema_version": 0,
          "identity": {
            "account_id": "590183650282",
            "bucket": "classicmodels-etl-g4-590183650282",
            "key": "glue/scripts/classicmodels_star_etl.py",
            "region": "us-east-1"
          },
          "private": "bnVsbA==",
          "dependencies": [
            "aws_s3_bucket.etl",
            "aws_s3_bucket_ownership_controls.etl",
            "aws_s3_bucket_public_access_block.etl",
            "data.aws_caller_identity.current"
          ]
        }
      ]
    },
    {
      "mode": "managed",
      "type": "aws_security_group",
      "name": "glue_connection",
      "provider": "provider[\"registry.terraform.io/hashicorp/aws\"]",
      "instances": [
        {
          "schema_version": 1,
          "attributes": {
            "arn": "arn:aws:ec2:us-east-1:590183650282:security-group/sg-061fe4050669cddf4",
            "description": "Glue Connection SG (self-ingress all ports, egress all)",
            "egress": [
              {
                "cidr_blocks": [
                  "0.0.0.0/0"
                ],
                "description": "",
                "from_port": 0,
                "ipv6_cidr_blocks": [],
                "prefix_list_ids": [],
                "protocol": "-1",
                "security_groups": [],
                "self": false,
                "to_port": 0
              }
            ],
            "id": "sg-061fe4050669cddf4",
            "ingress": [
              {
                "cidr_blocks": [],
                "description": "",
                "from_port": 0,
                "ipv6_cidr_blocks": [],
                "prefix_list_ids": [],
                "protocol": "-1",
                "security_groups": [],
                "self": true,
                "to_port": 0
              }
            ],
            "name": "classicmodels-etl-g4-glue-conn-sg",
            "name_prefix": "",
            "owner_id": "590183650282",
            "region": "us-east-1",
            "revoke_rules_on_delete": false,
            "tags": {
              "Owner": "grupo_4",
              "Project": "classicmodels-etl-g4",
              "Task": "assignment_1_task_2"
            },
            "tags_all": {
              "Owner": "grupo_4",
              "Project": "classicmodels-etl-g4",
              "Task": "assignment_1_task_2"
            },
            "timeouts": null,
            "vpc_id": "vpc-0173df1e1018a44c3"
          },
          "sensitive_attributes": [],
          "identity_schema_version": 0,
          "identity": {
            "account_id": "590183650282",
            "id": "sg-061fe4050669cddf4",
            "region": "us-east-1"
          },
          "private": "eyJlMmJmYjczMC1lY2FhLTExZTYtOGY4OC0zNDM2M2JjN2M0YzAiOnsiY3JlYXRlIjo2MDAwMDAwMDAwMDAsImRlbGV0ZSI6OTAwMDAwMDAwMDAwfSwic2NoZW1hX3ZlcnNpb24iOiIxIn0="
        }
      ]
    },
    {
      "mode": "managed",
      "type": "aws_security_group_rule",
      "name": "glue_egress_all",
      "provider": "provider[\"registry.terraform.io/hashicorp/aws\"]",
      "instances": [
        {
          "schema_version": 2,
          "attributes": {
            "cidr_blocks": [
              "0.0.0.0/0"
            ],
            "description": null,
            "from_port": 0,
            "id": "sgrule-4161676444",
            "ipv6_cidr_blocks": null,
            "prefix_list_ids": null,
            "protocol": "-1",
            "region": "us-east-1",
            "security_group_id": "sg-061fe4050669cddf4",
            "security_group_rule_id": "sgr-004683cac0d8ca87c",
            "self": false,
            "source_security_group_id": null,
            "timeouts": null,
            "to_port": 0,
            "type": "egress"
          },
          "sensitive_attributes": [],
          "identity_schema_version": 0,
          "private": "eyJlMmJmYjczMC1lY2FhLTExZTYtOGY4OC0zNDM2M2JjN2M0YzAiOnsiY3JlYXRlIjozMDAwMDAwMDAwMDB9LCJzY2hlbWFfdmVyc2lvbiI6IjIifQ==",
          "dependencies": [
            "aws_security_group.glue_connection"
          ]
        }
      ]
    },
    {
      "mode": "managed",
      "type": "aws_security_group_rule",
      "name": "glue_self_ingress_all",
      "provider": "provider[\"registry.terraform.io/hashicorp/aws\"]",
      "instances": [
        {
          "schema_version": 2,
          "attributes": {
            "cidr_blocks": null,
            "description": null,
            "from_port": 0,
            "id": "sgrule-2805570270",
            "ipv6_cidr_blocks": null,
            "prefix_list_ids": null,
            "protocol": "-1",
            "region": "us-east-1",
            "security_group_id": "sg-061fe4050669cddf4",
            "security_group_rule_id": "sgr-092f0487e59c3d5cf",
            "self": true,
            "source_security_group_id": null,
            "timeouts": null,
            "to_port": 0,
            "type": "ingress"
          },
          "sensitive_attributes": [],
          "identity_schema_version": 0,
          "private": "eyJlMmJmYjczMC1lY2FhLTExZTYtOGY4OC0zNDM2M2JjN2M0YzAiOnsiY3JlYXRlIjozMDAwMDAwMDAwMDB9LCJzY2hlbWFfdmVyc2lvbiI6IjIifQ==",
          "dependencies": [
            "aws_security_group.glue_connection"
          ]
        }
      ]
    },
    {
      "mode": "managed",
      "type": "aws_vpc_endpoint",
      "name": "s3_gateway",
      "provider": "provider[\"registry.terraform.io/hashicorp/aws\"]",
      "instances": [
        {
          "schema_version": 0,
          "attributes": {
            "arn": "arn:aws:ec2:us-east-1:590183650282:vpc-endpoint/vpce-0cab8ef5c6ab02141",
            "auto_accept": null,
            "cidr_blocks": [
              "16.15.176.0/20",
              "16.182.0.0/16",
              "18.34.0.0/19",
              "52.216.0.0/15",
              "54.231.0.0/16",
              "3.5.0.0/19",
              "18.34.232.0/21",
              "16.15.192.0/18"
            ],
            "dns_entry": [],
            "dns_options": [
              {
                "dns_record_ip_type": "service-defined",
                "private_dns_only_for_inbound_resolver_endpoint": false,
                "private_dns_preference": "",
                "private_dns_specified_domains": []
              }
            ],
            "id": "vpce-0cab8ef5c6ab02141",
            "ip_address_type": "ipv4",
            "network_interface_ids": [],
            "owner_id": "590183650282",
            "policy": "{\"Statement\":[{\"Action\":\"*\",\"Effect\":\"Allow\",\"Principal\":\"*\",\"Resource\":\"*\"}],\"Version\":\"2008-10-17\"}",
            "prefix_list_id": "pl-63a5400a",
            "private_dns_enabled": false,
            "region": "us-east-1",
            "requester_managed": false,
            "resource_configuration_arn": "",
            "route_table_ids": [
              "rtb-07a35be54ff80e27a"
            ],
            "security_group_ids": [],
            "service_name": "com.amazonaws.us-east-1.s3",
            "service_network_arn": "",
            "service_region": "us-east-1",
            "state": "available",
            "subnet_configuration": [],
            "subnet_ids": [],
            "tags": {
              "Name": "classicmodels-etl-g4-s3-endpoint",
              "Owner": "grupo_4",
              "Project": "classicmodels-etl-g4",
              "Task": "assignment_1_task_2"
            },
            "tags_all": {
              "Name": "classicmodels-etl-g4-s3-endpoint",
              "Owner": "grupo_4",
              "Project": "classicmodels-etl-g4",
              "Task": "assignment_1_task_2"
            },
            "timeouts": null,
            "vpc_endpoint_type": "Gateway",
            "vpc_id": "vpc-0173df1e1018a44c3"
          },
          "sensitive_attributes": [],
          "identity_schema_version": 0,
          "identity": {
            "account_id": "590183650282",
            "id": "vpce-0cab8ef5c6ab02141",
            "region": "us-east-1"
          },
          "private": "eyJlMmJmYjczMC1lY2FhLTExZTYtOGY4OC0zNDM2M2JjN2M0YzAiOnsiY3JlYXRlIjo2MDAwMDAwMDAwMDAsImRlbGV0ZSI6NjAwMDAwMDAwMDAwLCJ1cGRhdGUiOjYwMDAwMDAwMDAwMH19",
          "dependencies": [
            "data.aws_route_table.main",
            "data.aws_route_tables.all"
          ]
        }
      ]
    }
  ],
  "check_results": null
}
